
Microsoft Visual Studio Solution File, Format Version 12.00
# Visual Studio Version 16
VisualStudioVersion = 16.0.30011.22
MinimumVisualStudioVersion = 10.0.40219.1
Project("{FAE04EC0-301F-11D3-BF4B-00C04F79EFBC}") = "SportsStore.Domain", "SportsStore.Domain\SportsStore.Domain.csproj", "{9532BA67-76D9-46C0-A7F9-E24E82F820A2}"
EndProject
Project("{FAE04EC0-301F-11D3-BF4B-00C04F79EFBC}") = "SportsStore.WebUI", "SportsStore.WebUI\SportsStore.WebUI.csproj", "{2AAF057A-6E9C-46E6-AD10-04CAFBC12E6C}"
EndProject
Project("{FAE04EC0-301F-11D3-BF4B-00C04F79EFBC}") = "SportsStore.UnitTests", "SportsStore.UnitTests\SportsStore.UnitTests.csproj", "{AF657694-8EC6-4A0D-A074-BC6F0D9B858E}"
EndProject
Global
	GlobalSection(SolutionConfigurationPlatforms) = preSolution
		Debug|Any CPU = Debug|Any CPU
		Release|Any CPU = Release|Any CPU
	EndGlobalSection
	GlobalSection(ProjectConfigurationPlatforms) = postSolution
		{9532BA67-76D9-46C0-A7F9-E24E82F820A2}.Debug|Any CPU.ActiveCfg = Debug|Any CPU
		{9532BA67-76D9-46C0-A7F9-E24E82F820A2}.Debug|Any CPU.Build.0 = Debug|Any CPU
		{9532BA67-76D9-46C0-A7F9-E24E82F820A2}.Release|Any CPU.ActiveCfg = Release|Any CPU
		{9532BA67-76D9-46C0-A7F9-E24E82F820A2}.Release|Any CPU.Build.0 = Release|Any CPU
		{2AAF057A-6E9C-46E6-AD10-04CAFBC12E6C}.Debug|Any CPU.ActiveCfg = Debug|Any CPU
		{2AAF057A-6E9C-46E6-AD10-04CAFBC12E6C}.Debug|Any CPU.Build.0 = Debug|Any CPU
		{2AAF057A-6E9C-46E6-AD10-04CAFBC12E6C}.Release|Any CPU.ActiveCfg = Release|Any CPU
		{2AAF057A-6E9C-46E6-AD10-04CAFBC12E6C}.Release|Any CPU.Build.0 = Release|Any CPU
		{AF657694-8EC6-4A0D-A074-BC6F0D9B858E}.Debug|Any CPU.ActiveCfg = Debug|Any CPU
		{AF657694-8EC6-4A0D-A074-BC6F0D9B858E}.Debug|Any CPU.Build.0 = Debug|Any CPU
		{AF657694-8EC6-4A0D-A074-BC6F0D9B858E}.Release|Any CPU.ActiveCfg = Release|Any CPU
		{AF657694-8EC6-4A0D-A074-BC6F0D9B858E}.Release|Any CPU.Build.0 = Release|Any CPU
	EndGlobalSection
	GlobalSection(SolutionProperties) = preSolution
		HideSolutionNode = FALSE
	EndGlobalSection
	GlobalSection(ExtensibilityGlobals) = postSolution
		SolutionGuid = {8A01CCDD-D2DB-44DF-8C73-84BF8D84462B}
	EndGlobalSection
EndGlobal
